
Microsoft Visual Studio Solution File, Format Version 12.00
# Visual Studio 15
VisualStudioVersion = 15.0.28307.779
MinimumVisualStudioVersion = 10.0.40219.1
Project("{FAE04EC0-301F-11D3-BF4B-00C04F79EFBC}") = "AwesomeList", "AwesomeList\AwesomeList.csproj", "{5DD806F8-2FFD-4CB4-A59F-B8C2C1098EA7}"
EndProject
Global
	GlobalSection(SolutionConfigurationPlatforms) = preSolution
		Debug|Any CPU = Debug|Any CPU
		Release|Any CPU = Release|Any CPU
	EndGlobalSection
	GlobalSection(ProjectConfigurationPlatforms) = postSolution
		{5DD806F8-2FFD-4CB4-A59F-B8C2C1098EA7}.Debug|Any CPU.ActiveCfg = Debug|Any CPU
		{5DD806F8-2FFD-4CB4-A59F-B8C2C1098EA7}.Debug|Any CPU.Build.0 = Debug|Any CPU
		{5DD806F8-2FFD-4CB4-A59F-B8C2C1098EA7}.Release|Any CPU.ActiveCfg = Release|Any CPU
		{5DD806F8-2FFD-4CB4-A59F-B8C2C1098EA7}.Release|Any CPU.Build.0 = Release|Any CPU
	EndGlobalSection
	GlobalSection(SolutionProperties) = preSolution
		HideSolutionNode = FALSE
	EndGlobalSection
	GlobalSection(ExtensibilityGlobals) = postSolution
		SolutionGuid = {8CB657B4-0BF4-4303-BA2B-598E0CF6BCE0}
	EndGlobalSection
EndGlobal
